// !$*UTF8*$!
{
	archiveVersion = 1;
	classes = {
	};
	objectVersion = 46;
	objects = {

/* Begin PBXBuildFile section */
		0036ED311CAE025F001FFD0E /* sample.jpg in Resources */ = {isa = PBXBuildFile; fileRef = 0036ED301CAE025F001FFD0E /* sample.jpg */; };
		003764CF1CAD691100FD2F95 /* main.m in Sources */ = {isa = PBXBuildFile; fileRef = 003764CE1CAD691100FD2F95 /* main.m */; };
		003764D21CAD691100FD2F95 /* AppDelegate.m in Sources */ = {isa = PBXBuildFile; fileRef = 003764D11CAD691100FD2F95 /* AppDelegate.m */; };
		003764D51CAD691100FD2F95 /* ViewController.m in Sources */ = {isa = PBXBuildFile; fileRef = 003764D41CAD691100FD2F95 /* ViewController.m */; };
		003764D81CAD691100FD2F95 /* Main.storyboard in Resources */ = {isa = PBXBuildFile; fileRef = 003764D61CAD691100FD2F95 /* Main.storyboard */; };
		003764DD1CAD691100FD2F95 /* LaunchScreen.storyboard in Resources */ = {isa = PBXBuildFile; fileRef = 003764DB1CAD691100FD2F95 /* LaunchScreen.storyboard */; };
		CECBBFC7A06CC8D574A15795 /* libPods-ImageGrayScale_Example.a in Frameworks */ = {isa = PBXBuildFile; fileRef = ECE19655A138B7CF8BCE6402 /* libPods-ImageGrayScale_Example.a */; };
/* End PBXBuildFile section */

/* Begin PBXFileReference section */
		0036ED301CAE025F001FFD0E /* sample.jpg */ = {isa = PBXFileReference; lastKnownFileType = image.jpeg; path = sample.jpg; sourceTree = "<group>"; };
		003764CA1CAD691100FD2F95 /* GrayByYUV&Average.app */ = {isa = PBXFileReference; explicitFileType = wrapper.application; includeInIndex = 0; path = "GrayByYUV&Average.app"; sourceTree = BUILT_PRODUCTS_DIR; };
		003764CE1CAD691100FD2F95 /* main.m */ = {isa = PBXFileReference; lastKnownFileType = sourcecode.c.objc; path = main.m; sourceTree = "<group>"; };
		003764D01CAD691100FD2F95 /* AppDelegate.h */ = {isa = PBXFileReference; lastKnownFileType = sourcecode.c.h; path = AppDelegate.h; sourceTree = "<group>"; };
		003764D11CAD691100FD2F95 /* AppDelegate.m */ = {isa = PBXFileReference; lastKnownFileType = sourcecode.c.objc; path = AppDelegate.m; sourceTree = "<group>"; };
		003764D31CAD691100FD2F95 /* ViewController.h */ = {isa = PBXFileReference; lastKnownFileType = sourcecode.c.h; path = ViewController.h; sourceTree = "<group>"; };
		003764D41CAD691100FD2F95 /* ViewController.m */ = {isa = PBXFileReference; lastKnownFileType = sourcecode.c.objc; path = ViewController.m; sourceTree = "<group>"; };
		003764D71CAD691100FD2F95 /* Base */ = {isa = PBXFileReference; lastKnownFileType = file.storyboard; name = Base; path = Base.lproj/Main.storyboard; sourceTree = "<group>"; };
		003764DC1CAD691100FD2F95 /* Base */ = {isa = PBXFileReference; lastKnownFileType = file.storyboard; name = Base; path = Base.lproj/LaunchScreen.storyboard; sourceTree = "<group>"; };
		003764DE1CAD691100FD2F95 /* Info.plist */ = {isa = PBXFileReference; lastKnownFileType = text.plist.xml; path = Info.plist; sourceTree = "<group>"; };
		2C552948DF3B0F8088B483BE /* Pods-ImageGrayScale_Example.debug.xcconfig */ = {isa = PBXFileReference; includeInIndex = 1; lastKnownFileType = text.xcconfig; name = "Pods-ImageGrayScale_Example.debug.xcconfig"; path = "Pods/Target Support Files/Pods-ImageGrayScale_Example/Pods-ImageGrayScale_Example.debug.xcconfig"; sourceTree = "<group>"; };
		30D437134465A48FD6756398 /* Pods-ImageGrayScale_Example.release.xcconfig */ = {isa = PBXFileReference; includeInIndex = 1; lastKnownFileType = text.xcconfig; name = "Pods-ImageGrayScale_Example.release.xcconfig"; path = "Pods/Target Support Files/Pods-ImageGrayScale_Example/Pods-ImageGrayScale_Example.release.xcconfig"; sourceTree = "<group>"; };
		ECE19655A138B7CF8BCE6402 /* libPods-ImageGrayScale_Example.a */ = {isa = PBXFileReference; explicitFileType = archive.ar; includeInIndex = 0; path = "libPods-ImageGrayScale_Example.a"; sourceTree = BUILT_PRODUCTS_DIR; };
/* End PBXFileReference section */

/* Begin PBXFrameworksBuildPhase section */
		003764C71CAD691100FD2F95 /* Frameworks */ = {
			isa = PBXFrameworksBuildPhase;
			buildActionMask = 2147483647;
			files = (
				CECBBFC7A06CC8D574A15795 /* libPods-ImageGrayScale_Example.a in Frameworks */,
			);
			runOnlyForDeploymentPostprocessing = 0;
		};
/* End PBXFrameworksBuildPhase section */

/* Begin PBXGroup section */
		003764C11CAD691100FD2F95 = {
			isa = PBXGroup;
			children = (
				003764CC1CAD691100FD2F95 /* GrayByYUV&Average */,
				003764CB1CAD691100FD2F95 /* Products */,
				719A30BF7A257B84588E9432 /* Pods */,
				F0D49B2591A174EBF1D19948 /* Frameworks */,
			);
			sourceTree = "<group>";
		};
		003764CB1CAD691100FD2F95 /* Products */ = {
			isa = PBXGroup;
			children = (
				003764CA1CAD691100FD2F95 /* GrayByYUV&Average.app */,
			);
			name = Products;
			sourceTree = "<group>";
		};
		003764CC1CAD691100FD2F95 /* GrayByYUV&Average */ = {
			isa = PBXGroup;
			children = (
				003764D01CAD691100FD2F95 /* AppDelegate.h */,
				003764D11CAD691100FD2F95 /* AppDelegate.m */,
				003764D31CAD691100FD2F95 /* ViewController.h */,
				003764D41CAD691100FD2F95 /* ViewController.m */,
				0036ED301CAE025F001FFD0E /* sample.jpg */,
				003764D61CAD691100FD2F95 /* Main.storyboard */,
				003764DB1CAD691100FD2F95 /* LaunchScreen.storyboard */,
				003764DE1CAD691100FD2F95 /* Info.plist */,
				003764CD1CAD691100FD2F95 /* Supporting Files */,
			);
			name = "GrayByYUV&Average";
			path = "GrayByLUV&Average";
			sourceTree = "<group>";
		};
		003764CD1CAD691100FD2F95 /* Supporting Files */ = {
			isa = PBXGroup;
			children = (
				003764CE1CAD691100FD2F95 /* main.m */,
			);
			name = "Supporting Files";
			sourceTree = "<group>";
		};
		719A30BF7A257B84588E9432 /* Pods */ = {
			isa = PBXGroup;
			children = (
				2C552948DF3B0F8088B483BE /* Pods-ImageGrayScale_Example.debug.xcconfig */,
				30D437134465A48FD6756398 /* Pods-ImageGrayScale_Example.release.xcconfig */,
			);
			name = Pods;
			sourceTree = "<group>";
		};
		F0D49B2591A174EBF1D19948 /* Frameworks */ = {
			isa = PBXGroup;
			children = (
				ECE19655A138B7CF8BCE6402 /* libPods-ImageGrayScale_Example.a */,
			);
			name = Frameworks;
			sourceTree = "<group>";
		};
/* End PBXGroup section */

/* Begin PBXNativeTarget section */
		003764C91CAD691100FD2F95 /* ImageGrayScale_Example */ = {
			isa = PBXNativeTarget;
			buildConfigurationList = 003764E11CAD691100FD2F95 /* Build configuration list for PBXNativeTarget "ImageGrayScale_Example" */;
			buildPhases = (
				B5A09AD00F7AE3F3D00703BC /* [CP] Check Pods Manifest.lock */,
				003764C61CAD691100FD2F95 /* Sources */,
				003764C71CAD691100FD2F95 /* Frameworks */,
				003764C81CAD691100FD2F95 /* Resources */,
				DD3EF951E282647AC74324F7 /* [CP] Embed Pods Frameworks */,
				DDCCE9581B37BD300189A5B0 /* [CP] Copy Pods Resources */,
			);
			buildRules = (
			);
			dependencies = (
			);
			name = ImageGrayScale_Example;
			productName = "GrayByLUV&Average";
			productReference = 003764CA1CAD691100FD2F95 /* GrayByYUV&Average.app */;
			productType = "com.apple.product-type.application";
		};
/* End PBXNativeTarget section */

/* Begin PBXProject section */
		003764C21CAD691100FD2F95 /* Project object */ = {
			isa = PBXProject;
			attributes = {
				LastUpgradeCheck = 0720;
				ORGANIZATIONNAME = Scyano;
				TargetAttributes = {
					003764C91CAD691100FD2F95 = {
						CreatedOnToolsVersion = 7.2;
						DevelopmentTeam = 58A723363V;
					};
				};
			};
			buildConfigurationList = 003764C51CAD691100FD2F95 /* Build configuration list for PBXProject "ImageGrayScale_Example" */;
			compatibilityVersion = "Xcode 3.2";
			developmentRegion = English;
			hasScannedForEncodings = 0;
			knownRegions = (
				en,
				Base,
			);
			mainGroup = 003764C11CAD691100FD2F95;
			productRefGroup = 003764CB1CAD691100FD2F95 /* Products */;
			projectDirPath = "";
			projectRoot = "";
			targets = (
				003764C91CAD691100FD2F95 /* ImageGrayScale_Example */,
			);
		};
/* End PBXProject section */

/* Begin PBXResourcesBuildPhase section */
		003764C81CAD691100FD2F95 /* Resources */ = {
			isa = PBXResourcesBuildPhase;
			buildActionMask = 2147483647;
			files = (
				003764DD1CAD691100FD2F95 /* LaunchScreen.storyboard in Resources */,
				0036ED311CAE025F001FFD0E /* sample.jpg in Resources */,
				003764D81CAD691100FD2F95 /* Main.storyboard in Resources */,
			);
			runOnlyForDeploymentPostprocessing = 0;
		};
/* End PBXResourcesBuildPhase section */

/* Begin PBXShellScriptBuildPhase section */
		B5A09AD00F7AE3F3D00703BC /* [CP] Check Pods Manifest.lock */ = {
			isa = PBXShellScriptBuildPhase;
			buildActionMask = 2147483647;
			files = (
			);
			inputPaths = (
				"${PODS_PODFILE_DIR_PATH}/Podfile.lock",
				"${PODS_ROOT}/Manifest.lock",
			);
			name = "[CP] Check Pods Manifest.lock";
			outputPaths = (
				"$(DERIVED_FILE_DIR)/Pods-ImageGrayScale_Example-checkManifestLockResult.txt",
			);
			runOnlyForDeploymentPostprocessing = 0;
			shellPath = /bin/sh;
			shellScript = "diff \"${PODS_PODFILE_DIR_PATH}/Podfile.lock\" \"${PODS_ROOT}/Manifest.lock\" > /dev/null\nif [ $? != 0 ] ; then\n    # print error to STDERR\n    echo \"error: The sandbox is not in sync with the Podfile.lock. Run 'pod install' or update your CocoaPods installation.\" >&2\n    exit 1\nfi\n# This output is used by Xcode 'outputs' to avoid re-running this script phase.\necho \"SUCCESS\" > \"${SCRIPT_OUTPUT_FILE_0}\"\n";
			showEnvVarsInLog = 0;
		};
		DD3EF951E282647AC74324F7 /* [CP] Embed Pods Frameworks */ = {
			isa = PBXShellScriptBuildPhase;
			buildActionMask = 2147483647;
			files = (
			);
			inputPaths = (
			);
			name = "[CP] Embed Pods Frameworks";
			outputPaths = (
			);
			runOnlyForDeploymentPostprocessing = 0;
			shellPath = /bin/sh;
			shellScript = "\"${SRCROOT}/Pods/Target Support Files/Pods-ImageGrayScale_Example/Pods-ImageGrayScale_Example-frameworks.sh\"\n";
			showEnvVarsInLog = 0;
		};
		DDCCE9581B37BD300189A5B0 /* [CP] Copy Pods Resources */ = {
			isa = PBXShellScriptBuildPhase;
			buildActionMask = 2147483647;
			files = (
			);
			inputPaths = (
			);
			name = "[CP] Copy Pods Resources";
			outputPaths = (
			);
			runOnlyForDeploymentPostprocessing = 0;
			shellPath = /bin/sh;
			shellScript = "\"${SRCROOT}/Pods/Target Support Files/Pods-ImageGrayScale_Example/Pods-ImageGrayScale_Example-resources.sh\"\n";
			showEnvVarsInLog = 0;
		};
/* End PBXShellScriptBuildPhase section */

/* Begin PBXSourcesBuildPhase section */
		003764C61CAD691100FD2F95 /* Sources */ = {
			isa = PBXSourcesBuildPhase;
			buildActionMask = 2147483647;
			files = (
				003764D51CAD691100FD2F95 /* ViewController.m in Sources */,
				003764D21CAD691100FD2F95 /* AppDelegate.m in Sources */,
				003764CF1CAD691100FD2F95 /* main.m in Sources */,
			);
			runOnlyForDeploymentPostprocessing = 0;
		};
/* End PBXSourcesBuildPhase section */

/* Begin PBXVariantGroup section */
		003764D61CAD691100FD2F95 /* Main.storyboard */ = {
			isa = PBXVariantGroup;
			children = (
				003764D71CAD691100FD2F95 /* Base */,
			);
			name = Main.storyboard;
			sourceTree = "<group>";
		};
		003764DB1CAD691100FD2F95 /* LaunchScreen.storyboard */ = {
			isa = PBXVariantGroup;
			children = (
				003764DC1CAD691100FD2F95 /* Base */,
			);
			name = LaunchScreen.storyboard;
			sourceTree = "<group>";
		};
/* End PBXVariantGroup section */

/* Begin XCBuildConfiguration section */
		003764DF1CAD691100FD2F95 /* Debug */ = {
			isa = XCBuildConfiguration;
			buildSettings = {
				ALWAYS_SEARCH_USER_PATHS = NO;
				CLANG_CXX_LANGUAGE_STANDARD = "gnu++0x";
				CLANG_CXX_LIBRARY = "libc++";
				CLANG_ENABLE_MODULES = YES;
				CLANG_ENABLE_OBJC_ARC = YES;
				CLANG_WARN_BOOL_CONVERSION = YES;
				CLANG_WARN_CONSTANT_CONVERSION = YES;
				CLANG_WARN_DIRECT_OBJC_ISA_USAGE = YES_ERROR;
				CLANG_WARN_EMPTY_BODY = YES;
				CLANG_WARN_ENUM_CONVERSION = YES;
				CLANG_WARN_INT_CONVERSION = YES;
				CLANG_WARN_OBJC_ROOT_CLASS = YES_ERROR;
				CLANG_WARN_UNREACHABLE_CODE = YES;
				CLANG_WARN__DUPLICATE_METHOD_MATCH = YES;
				"CODE_SIGN_IDENTITY[sdk=iphoneos*]" = "iPhone Developer";
				COPY_PHASE_STRIP = NO;
				DEBUG_INFORMATION_FORMAT = dwarf;
				ENABLE_STRICT_OBJC_MSGSEND = YES;
				ENABLE_TESTABILITY = YES;
				GCC_C_LANGUAGE_STANDARD = gnu99;
				GCC_DYNAMIC_NO_PIC = NO;
				GCC_NO_COMMON_BLOCKS = YES;
				GCC_OPTIMIZATION_LEVEL = 0;
				GCC_PREPROCESSOR_DEFINITIONS = (
					"DEBUG=1",
					"$(inherited)",
				);
				GCC_WARN_64_TO_32_BIT_CONVERSION = YES;
				GCC_WARN_ABOUT_RETURN_TYPE = YES_ERROR;
				GCC_WARN_UNDECLARED_SELECTOR = YES;
				GCC_WARN_UNINITIALIZED_AUTOS = YES_AGGRESSIVE;
				GCC_WARN_UNUSED_FUNCTION = YES;
				GCC_WARN_UNUSED_VARIABLE = YES;
				IPHONEOS_DEPLOYMENT_TARGET = 9.2;
				MTL_ENABLE_DEBUG_INFO = YES;
				ONLY_ACTIVE_ARCH = YES;
				SDKROOT = iphoneos;
				TARGETED_DEVICE_FAMILY = "1,2";
			};
			name = Debug;
		};
		003764E01CAD691100FD2F95 /* Release */ = {
			isa = XCBuildConfiguration;
			buildSettings = {
				ALWAYS_SEARCH_USER_PATHS = NO;
				CLANG_CXX_LANGUAGE_STANDARD = "gnu++0x";
				CLANG_CXX_LIBRARY = "libc++";
				CLANG_ENABLE_MODULES = YES;
				CLANG_ENABLE_OBJC_ARC = YES;
				CLANG_WARN_BOOL_CONVERSION = YES;
				CLANG_WARN_CONSTANT_CONVERSION = YES;
				CLANG_WARN_DIRECT_OBJC_ISA_USAGE = YES_ERROR;
				CLANG_WARN_EMPTY_BODY = YES;
				CLANG_WARN_ENUM_CONVERSION = YES;
				CLANG_WARN_INT_CONVERSION = YES;
				CLANG_WARN_OBJC_ROOT_CLASS = YES_ERROR;
				CLANG_WARN_UNREACHABLE_CODE = YES;
				CLANG_WARN__DUPLICATE_METHOD_MATCH = YES;
				"CODE_SIGN_IDENTITY[sdk=iphoneos*]" = "iPhone Developer";
				COPY_PHASE_STRIP = NO;
				DEBUG_INFORMATION_FORMAT = "dwarf-with-dsym";
				ENABLE_NS_ASSERTIONS = NO;
				ENABLE_STRICT_OBJC_MSGSEND = YES;
				GCC_C_LANGUAGE_STANDARD = gnu99;
				GCC_NO_COMMON_BLOCKS = YES;
				GCC_WARN_64_TO_32_BIT_CONVERSION = YES;
				GCC_WARN_ABOUT_RETURN_TYPE = YES_ERROR;
				GCC_WARN_UNDECLARED_SELECTOR = YES;
				GCC_WARN_UNINITIALIZED_AUTOS = YES_AGGRESSIVE;
				GCC_WARN_UNUSED_FUNCTION = YES;
				GCC_WARN_UNUSED_VARIABLE = YES;
				IPHONEOS_DEPLOYMENT_TARGET = 9.2;
				MTL_ENABLE_DEBUG_INFO = NO;
				SDKROOT = iphoneos;
				TARGETED_DEVICE_FAMILY = "1,2";
				VALIDATE_PRODUCT = YES;
			};
			name = Release;
		};
		003764E21CAD691100FD2F95 /* Debug */ = {
			isa = XCBuildConfiguration;
			baseConfigurationReference = 2C552948DF3B0F8088B483BE /* Pods-ImageGrayScale_Example.debug.xcconfig */;
			buildSettings = {
				ASSETCATALOG_COMPILER_APPICON_NAME = AppIcon;
				DEVELOPMENT_TEAM = 58A723363V;
				INFOPLIST_FILE = "GrayByLUV&Average/Info.plist";
				LD_RUNPATH_SEARCH_PATHS = "$(inherited) @executable_path/Frameworks";
				PRODUCT_BUNDLE_IDENTIFIER = "com.Scyano.test.GrayByLUV-Average";
				PRODUCT_NAME = "GrayByYUV&Average";
				SDKROOT = iphoneos11.2;
				TARGETED_DEVICE_FAMILY = 1;
			};
			name = Debug;
		};
		003764E31CAD691100FD2F95 /* Release */ = {
			isa = XCBuildConfiguration;
			baseConfigurationReference = 30D437134465A48FD6756398 /* Pods-ImageGrayScale_Example.release.xcconfig */;
			buildSettings = {
				ASSETCATALOG_COMPILER_APPICON_NAME = AppIcon;
				DEVELOPMENT_TEAM = 58A723363V;
				INFOPLIST_FILE = "GrayByLUV&Average/Info.plist";
				LD_RUNPATH_SEARCH_PATHS = "$(inherited) @executable_path/Frameworks";
				PRODUCT_BUNDLE_IDENTIFIER = "com.Scyano.test.GrayByLUV-Average";
				PRODUCT_NAME = "GrayByYUV&Average";
				SDKROOT = iphoneos11.2;
				TARGETED_DEVICE_FAMILY = 1;
			};
			name = Release;
		};
/* End XCBuildConfiguration section */

/* Begin XCConfigurationList section */
		003764C51CAD691100FD2F95 /* Build configuration list for PBXProject "ImageGrayScale_Example" */ = {
			isa = XCConfigurationList;
			buildConfigurations = (
				003764DF1CAD691100FD2F95 /* Debug */,
				003764E01CAD691100FD2F95 /* Release */,
			);
			defaultConfigurationIsVisible = 0;
			defaultConfigurationName = Release;
		};
		003764E11CAD691100FD2F95 /* Build configuration list for PBXNativeTarget "ImageGrayScale_Example" */ = {
			isa = XCConfigurationList;
			buildConfigurations = (
				003764E21CAD691100FD2F95 /* Debug */,
				003764E31CAD691100FD2F95 /* Release */,
			);
			defaultConfigurationIsVisible = 0;
			defaultConfigurationName = Release;
		};
/* End XCConfigurationList section */
	};
	rootObject = 003764C21CAD691100FD2F95 /* Project object */;
}
